--extra-index-url https://download.pytorch.org/whl/cu130
# This file was autogenerated by uv via the following command:
#    uv export --format requirements-txt --no-hashes
-e .
certifi==2026.2.25
    # via requests
charset-normalizer==3.4.7
    # via requests
colorama==0.4.6 ; sys_platform == 'win32'
    # via loguru
contourpy==1.3.3
    # via matplotlib
cuda-bindings==13.2.0 ; sys_platform == 'linux'
    # via torch
cuda-pathfinder==1.5.2
    # via
    #   cuda-bindings
    #   cupy-cuda12x
cuda-toolkit==13.0.2 ; sys_platform == 'linux'
    # via torch
cupy-cuda12x==14.0.1
    # via fastrad
cycler==0.12.1
    # via matplotlib
docopt==0.6.2
    # via pykwalify
filelock==3.25.2
    # via torch
fonttools==4.63.0
    # via matplotlib
fsspec==2026.3.0
    # via torch
idna==3.11
    # via requests
jinja2==3.1.6
    # via torch
kiwisolver==1.5.0
    # via matplotlib
loguru==0.7.3
    # via fastrad
markupsafe==3.0.3
    # via jinja2
matplotlib==3.11.1
    # via
    #   fastrad
    #   seaborn
mpmath==1.3.0
    # via sympy
networkx==3.6.1
    # via torch
nibabel==5.4.2
    # via fastrad
numpy==2.4.4
    # via
    #   contourpy
    #   cupy-cuda12x
    #   fastrad
    #   matplotlib
    #   nibabel
    #   pandas
    #   pyradiomics
    #   pywavelets
    #   scipy
    #   seaborn
nvidia-cublas==13.1.0.3 ; sys_platform == 'linux'
    # via
    #   cuda-toolkit
    #   nvidia-cudnn-cu13
    #   nvidia-cusolver
nvidia-cuda-cupti==13.0.85 ; sys_platform == 'linux'
    # via cuda-toolkit
nvidia-cuda-nvrtc==13.0.88 ; sys_platform == 'linux'
    # via cuda-toolkit
nvidia-cuda-runtime==13.0.96 ; sys_platform == 'linux'
    # via cuda-toolkit
nvidia-cudnn-cu13==9.19.0.56 ; sys_platform == 'linux'
    # via torch
nvidia-cufft==12.0.0.61 ; sys_platform == 'linux'
    # via cuda-toolkit
nvidia-cufile==1.15.1.6 ; sys_platform == 'linux'
    # via cuda-toolkit
nvidia-curand==10.4.0.35 ; sys_platform == 'linux'
    # via cuda-toolkit
nvidia-cusolver==12.0.4.66 ; sys_platform == 'linux'
    # via cuda-toolkit
nvidia-cusparse==12.6.3.3 ; sys_platform == 'linux'
    # via
    #   cuda-toolkit
    #   nvidia-cusolver
nvidia-cusparselt-cu13==0.8.0 ; sys_platform == 'linux'
    # via torch
nvidia-nccl-cu13==2.28.9 ; sys_platform == 'linux'
    # via torch
nvidia-nvjitlink==13.0.88 ; sys_platform == 'linux'
    # via
    #   cuda-toolkit
    #   nvidia-cufft
    #   nvidia-cusolver
    #   nvidia-cusparse
nvidia-nvshmem-cu13==3.4.5 ; sys_platform == 'linux'
    # via torch
nvidia-nvtx==13.0.85 ; sys_platform == 'linux'
    # via cuda-toolkit
packaging==26.0
    # via
    #   matplotlib
    #   nibabel
pandas==3.0.5
    # via
    #   fastrad
    #   seaborn
pillow==12.2.0
    # via matplotlib
pydicom==3.0.2
    # via fastrad
pykwalify==1.8.0
    # via pyradiomics
pyparsing==3.3.2
    # via matplotlib
pyradiomics @ git+https://github.com/AIM-Harvard/pyradiomics.git@8ed579383b44806651c463d5e691f3b2b57522ab
    # via fastrad
python-dateutil==2.9.0.post0
    # via
    #   matplotlib
    #   pandas
    #   pykwalify
pywavelets==1.9.0
    # via pyradiomics
requests==2.33.1
    # via fastrad
ruamel-yaml==0.19.1
    # via pykwalify
scipy==1.17.1
    # via fastrad
seaborn==0.13.2
    # via fastrad
setuptools==81.0.0
    # via torch
simpleitk==2.5.3
    # via
    #   fastrad
    #   pyradiomics
six==1.17.0
    # via python-dateutil
sympy==1.14.0
    # via torch
torch==2.11.0+cu130
    # via fastrad
triton==3.6.0 ; sys_platform == 'linux'
    # via torch
ty==0.0.29
typing-extensions==4.15.0
    # via
    #   nibabel
    #   torch
tzdata==2026.3 ; sys_platform == 'emscripten' or sys_platform == 'win32'
    # via pandas
urllib3==2.6.3
    # via requests
win32-setctime==1.2.0 ; sys_platform == 'win32'
    # via loguru
